
Microsoft Visual Studio Solution File, Format Version 12.00
# Visual Studio Version 18
VisualStudioVersion = 18.2.11408.102
MinimumVisualStudioVersion = 10.0.40219.1
Project("{9A19103F-16F7-4668-BE54-9A1E7A4F7556}") = "HEIO.NET", "HEIO.NET\HEIO.NET.csproj", "{4B03B889-16A5-4260-A925-CF483C10BE39}"
EndProject
Project("{FAE04EC0-301F-11D3-BF4B-00C04F79EFBC}") = "HEIO.NET.Util", "HEIO.NET.Util\HEIO.NET.Util.csproj", "{9AD72511-EB85-4BC6-935E-DF2AE3A110DA}"
EndProject
Global
	GlobalSection(SolutionConfigurationPlatforms) = preSolution
		Debug|Any CPU = Debug|Any CPU
		Release|Any CPU = Release|Any CPU
	EndGlobalSection
	GlobalSection(ProjectConfigurationPlatforms) = postSolution
		{4B03B889-16A5-4260-A925-CF483C10BE39}.Debug|Any CPU.ActiveCfg = Debug|Any CPU
		{4B03B889-16A5-4260-A925-CF483C10BE39}.Debug|Any CPU.Build.0 = Debug|Any CPU
		{4B03B889-16A5-4260-A925-CF483C10BE39}.Release|Any CPU.ActiveCfg = Release|Any CPU
		{4B03B889-16A5-4260-A925-CF483C10BE39}.Release|Any CPU.Build.0 = Release|Any CPU
		{9AD72511-EB85-4BC6-935E-DF2AE3A110DA}.Debug|Any CPU.ActiveCfg = Debug|Any CPU
		{9AD72511-EB85-4BC6-935E-DF2AE3A110DA}.Debug|Any CPU.Build.0 = Debug|Any CPU
		{9AD72511-EB85-4BC6-935E-DF2AE3A110DA}.Release|Any CPU.ActiveCfg = Release|Any CPU
		{9AD72511-EB85-4BC6-935E-DF2AE3A110DA}.Release|Any CPU.Build.0 = Release|Any CPU
	EndGlobalSection
	GlobalSection(SolutionProperties) = preSolution
		HideSolutionNode = FALSE
	EndGlobalSection
	GlobalSection(ExtensibilityGlobals) = postSolution
		SolutionGuid = {5655657A-C800-4DF4-A58D-90DBB16E09F1}
	EndGlobalSection
EndGlobal
